[root]
name = "kaleidescope-rs"
version = "0.1.0"
dependencies = [
 "getopts 0.2.14 (registry+https://github.com/rust-lang/crates.io-index)",
 "rustc-serialize 0.3.21 (registry+https://github.com/rust-lang/crates.io-index)",
]

[[package]]
name = "getopts"
version = "0.2.14"
source = "registry+https://github.com/rust-lang/crates.io-index"

[[package]]
name = "rustc-serialize"
version = "0.3.21"
source = "registry+https://github.com/rust-lang/crates.io-index"

[metadata]
"checksum getopts 0.2.14 (registry+https://github.com/rust-lang/crates.io-index)" = "d9047cfbd08a437050b363d35ef160452c5fe8ea5187ae0a624708c91581d685"
"checksum rustc-serialize 0.3.21 (registry+https://github.com/rust-lang/crates.io-index)" = "bff9fc1c79f2dec76b253273d07682e94a978bd8f132ded071188122b2af9818"
